
Microsoft Visual Studio Solution File, Format Version 12.00
# Visual Studio 15
VisualStudioVersion = 15.0.27703.2000
MinimumVisualStudioVersion = 10.0.40219.1
Project("{FAE04EC0-301F-11D3-BF4B-00C04F79EFBC}") = "Kohde.Assessment", "Kohde.Assessment\Kohde.Assessment.csproj", "{22FB9131-EEDA-4605-BB78-0FA05C9C8059}"
EndProject
Project("{FAE04EC0-301F-11D3-BF4B-00C04F79EFBC}") = "Kohde.Assessment.UnitTest", "Kohde.Assessment.UnitTest\Kohde.Assessment.UnitTest.csproj", "{89BBBEB7-7023-44D6-98C2-9A024FEF355F}"
EndProject
Global
	GlobalSection(SolutionConfigurationPlatforms) = preSolution
		Debug|Any CPU = Debug|Any CPU
		Release|Any CPU = Release|Any CPU
	EndGlobalSection
	GlobalSection(ProjectConfigurationPlatforms) = postSolution
		{22FB9131-EEDA-4605-BB78-0FA05C9C8059}.Debug|Any CPU.ActiveCfg = Debug|Any CPU
		{22FB9131-EEDA-4605-BB78-0FA05C9C8059}.Debug|Any CPU.Build.0 = Debug|Any CPU
		{22FB9131-EEDA-4605-BB78-0FA05C9C8059}.Release|Any CPU.ActiveCfg = Release|Any CPU
		{22FB9131-EEDA-4605-BB78-0FA05C9C8059}.Release|Any CPU.Build.0 = Release|Any CPU
		{89BBBEB7-7023-44D6-98C2-9A024FEF355F}.Debug|Any CPU.ActiveCfg = Debug|Any CPU
		{89BBBEB7-7023-44D6-98C2-9A024FEF355F}.Debug|Any CPU.Build.0 = Debug|Any CPU
		{89BBBEB7-7023-44D6-98C2-9A024FEF355F}.Release|Any CPU.ActiveCfg = Release|Any CPU
		{89BBBEB7-7023-44D6-98C2-9A024FEF355F}.Release|Any CPU.Build.0 = Release|Any CPU
	EndGlobalSection
	GlobalSection(SolutionProperties) = preSolution
		HideSolutionNode = FALSE
	EndGlobalSection
	GlobalSection(ExtensibilityGlobals) = postSolution
		SolutionGuid = {01ED7AB6-6065-4295-979D-6FF1CF533E5C}
	EndGlobalSection
EndGlobal
